
Microsoft Visual Studio Solution File, Format Version 12.00
# Visual Studio Version 17
VisualStudioVersion = 17.8.34525.116
MinimumVisualStudioVersion = 10.0.40219.1
Project("{FAE04EC0-301F-11D3-BF4B-00C04F79EFBC}") = "3labaMikhailov", "3labaMikhailov.csproj", "{9DBF419D-0B87-44EB-814A-0DD42B4DB4B3}"
EndProject
Global
	GlobalSection(SolutionConfigurationPlatforms) = preSolution
		Debug|Any CPU = Debug|Any CPU
		Release|Any CPU = Release|Any CPU
	EndGlobalSection
	GlobalSection(ProjectConfigurationPlatforms) = postSolution
		{9DBF419D-0B87-44EB-814A-0DD42B4DB4B3}.Debug|Any CPU.ActiveCfg = Debug|Any CPU
		{9DBF419D-0B87-44EB-814A-0DD42B4DB4B3}.Debug|Any CPU.Build.0 = Debug|Any CPU
		{9DBF419D-0B87-44EB-814A-0DD42B4DB4B3}.Release|Any CPU.ActiveCfg = Release|Any CPU
		{9DBF419D-0B87-44EB-814A-0DD42B4DB4B3}.Release|Any CPU.Build.0 = Release|Any CPU
	EndGlobalSection
	GlobalSection(SolutionProperties) = preSolution
		HideSolutionNode = FALSE
	EndGlobalSection
	GlobalSection(ExtensibilityGlobals) = postSolution
		SolutionGuid = {C3F2D8BD-0C94-479D-8F85-DB2B493F2DE8}
	EndGlobalSection
EndGlobal
